schema: '2.0'
stages:
  train:
    cmd: python src/train.py
    deps:
    - path: data/housing.csv
      hash: md5
      md5: 8a1f63d2b10ace780332b093cc235c3d
      size: 346944
    - path: src/train.py
      hash: md5
      md5: c5f8c244655c4c6b04b99df75ba36f77
      size: 897
    outs:
    - path: metrics.json
      hash: md5
      md5: 248a689d0e96294a6939a36ca60ba162
      size: 75
    - path: model.pkl
      hash: md5
      md5: 1da5f7ff03dc3afd359f4b567890a42f
      size: 1225
